
Microsoft Visual Studio Solution File, Format Version 12.00
# Visual Studio 15
VisualStudioVersion = 15.0.28307.757
MinimumVisualStudioVersion = 10.0.40219.1
Project("{FAE04EC0-301F-11D3-BF4B-00C04F79EFBC}") = "MapControlLink", "MapControlLink\MapControlLink.csproj", "{A3127509-C857-4928-94DB-8CF0A94EA04F}"
EndProject
Global
	GlobalSection(SolutionConfigurationPlatforms) = preSolution
		Debug|Any CPU = Debug|Any CPU
		Release|Any CPU = Release|Any CPU
	EndGlobalSection
	GlobalSection(ProjectConfigurationPlatforms) = postSolution
		{A3127509-C857-4928-94DB-8CF0A94EA04F}.Debug|Any CPU.ActiveCfg = Debug|Any CPU
		{A3127509-C857-4928-94DB-8CF0A94EA04F}.Debug|Any CPU.Build.0 = Debug|Any CPU
		{A3127509-C857-4928-94DB-8CF0A94EA04F}.Release|Any CPU.ActiveCfg = Release|Any CPU
		{A3127509-C857-4928-94DB-8CF0A94EA04F}.Release|Any CPU.Build.0 = Release|Any CPU
	EndGlobalSection
	GlobalSection(SolutionProperties) = preSolution
		HideSolutionNode = FALSE
	EndGlobalSection
	GlobalSection(ExtensibilityGlobals) = postSolution
		SolutionGuid = {A01987F8-ABDC-41AD-9A21-BAD015C5EAF0}
	EndGlobalSection
EndGlobal
